
Microsoft Visual Studio Solution File, Format Version 12.00
# Visual Studio Version 16
VisualStudioVersion = 16.0.30907.101
MinimumVisualStudioVersion = 10.0.40219.1
Project("{FAE04EC0-301F-11D3-BF4B-00C04F79EFBC}") = "Palin", "Palin.csproj", "{9788031D-4686-44C1-9FBE-053199816597}"
EndProject
Project("{FAE04EC0-301F-11D3-BF4B-00C04F79EFBC}") = "Palin.Test", "..\Palin.Test\Palin.Test.csproj", "{350BF9AA-8CA7-4872-92C4-FECC29A3095E}"
EndProject
Global
	GlobalSection(SolutionConfigurationPlatforms) = preSolution
		Debug|Any CPU = Debug|Any CPU
		Release|Any CPU = Release|Any CPU
	EndGlobalSection
	GlobalSection(ProjectConfigurationPlatforms) = postSolution
		{9788031D-4686-44C1-9FBE-053199816597}.Debug|Any CPU.ActiveCfg = Debug|Any CPU
		{9788031D-4686-44C1-9FBE-053199816597}.Debug|Any CPU.Build.0 = Debug|Any CPU
		{9788031D-4686-44C1-9FBE-053199816597}.Release|Any CPU.ActiveCfg = Release|Any CPU
		{9788031D-4686-44C1-9FBE-053199816597}.Release|Any CPU.Build.0 = Release|Any CPU
		{350BF9AA-8CA7-4872-92C4-FECC29A3095E}.Debug|Any CPU.ActiveCfg = Debug|Any CPU
		{350BF9AA-8CA7-4872-92C4-FECC29A3095E}.Debug|Any CPU.Build.0 = Debug|Any CPU
		{350BF9AA-8CA7-4872-92C4-FECC29A3095E}.Release|Any CPU.ActiveCfg = Release|Any CPU
		{350BF9AA-8CA7-4872-92C4-FECC29A3095E}.Release|Any CPU.Build.0 = Release|Any CPU
	EndGlobalSection
	GlobalSection(SolutionProperties) = preSolution
		HideSolutionNode = FALSE
	EndGlobalSection
	GlobalSection(ExtensibilityGlobals) = postSolution
		SolutionGuid = {C81512C5-1FA9-4A9F-A6A7-E9D3E419B28D}
	EndGlobalSection
EndGlobal
